
Microsoft Visual Studio Solution File, Format Version 12.00
# Visual Studio Version 17
VisualStudioVersion = 17.1.32414.318
MinimumVisualStudioVersion = 10.0.40219.1
Project("{8BC9CEB8-8B4A-11D0-8D11-00A0C91BC942}") = "s2laba1cpp", "Лабораторна №1\s2laba1cpp\s2laba1cpp.vcxproj", "{2AEB8528-62CB-4F08-B601-53E65471B428}"
EndProject
Project("{888888A0-9F3D-457C-B088-3A5042F75D52}") = "s2laba1py", "Лабораторна №1\s2laba1py\s2laba1py.pyproj", "{A1B5DC98-9896-4556-BC2C-335917D0809F}"
EndProject
Project("{8BC9CEB8-8B4A-11D0-8D11-00A0C91BC942}") = "laba2cpp", "Лабораторна №2\laba2cpp\laba2cpp.vcxproj", "{0D2FAEB3-8275-4F15-B481-0DFD131C5DEE}"
EndProject
Project("{888888A0-9F3D-457C-B088-3A5042F75D52}") = "laba2py", "Лабораторна №2\laba2py\laba2py.pyproj", "{FCDC8503-16D7-4E2A-8E37-6DC8F178B348}"
EndProject
Project("{8BC9CEB8-8B4A-11D0-8D11-00A0C91BC942}") = "laba3cpp", "Лабораторна №3\laba3cpp\laba3cpp.vcxproj", "{F897A822-BCB6-406C-B510-9C3BEB8954D5}"
EndProject
Project("{8BC9CEB8-8B4A-11D0-8D11-00A0C91BC942}") = "laba4cpp", "Лабораторна №4\laba4cpp\laba4cpp.vcxproj", "{137903F6-E9A0-48EA-B1EB-E0C181703391}"
EndProject
Project("{8BC9CEB8-8B4A-11D0-8D11-00A0C91BC942}") = "laba5cpp", "Лабораторна №5\laba5cpp\laba5cpp.vcxproj", "{2583B4A5-5016-4231-BFF5-A524AF573FD4}"
EndProject
Global
	GlobalSection(SolutionConfigurationPlatforms) = preSolution
		Debug|Any CPU = Debug|Any CPU
		Debug|x64 = Debug|x64
		Debug|x86 = Debug|x86
		Release|Any CPU = Release|Any CPU
		Release|x64 = Release|x64
		Release|x86 = Release|x86
	EndGlobalSection
	GlobalSection(ProjectConfigurationPlatforms) = postSolution
		{2AEB8528-62CB-4F08-B601-53E65471B428}.Debug|Any CPU.ActiveCfg = Debug|Win32
		{2AEB8528-62CB-4F08-B601-53E65471B428}.Debug|x64.ActiveCfg = Debug|x64
		{2AEB8528-62CB-4F08-B601-53E65471B428}.Debug|x64.Build.0 = Debug|x64
		{2AEB8528-62CB-4F08-B601-53E65471B428}.Debug|x86.ActiveCfg = Debug|Win32
		{2AEB8528-62CB-4F08-B601-53E65471B428}.Debug|x86.Build.0 = Debug|Win32
		{2AEB8528-62CB-4F08-B601-53E65471B428}.Release|Any CPU.ActiveCfg = Release|Win32
		{2AEB8528-62CB-4F08-B601-53E65471B428}.Release|x64.ActiveCfg = Release|x64
		{2AEB8528-62CB-4F08-B601-53E65471B428}.Release|x64.Build.0 = Release|x64
		{2AEB8528-62CB-4F08-B601-53E65471B428}.Release|x86.ActiveCfg = Release|Win32
		{2AEB8528-62CB-4F08-B601-53E65471B428}.Release|x86.Build.0 = Release|Win32
		{A1B5DC98-9896-4556-BC2C-335917D0809F}.Debug|Any CPU.ActiveCfg = Debug|Any CPU
		{A1B5DC98-9896-4556-BC2C-335917D0809F}.Debug|x64.ActiveCfg = Debug|Any CPU
		{A1B5DC98-9896-4556-BC2C-335917D0809F}.Debug|x86.ActiveCfg = Debug|Any CPU
		{A1B5DC98-9896-4556-BC2C-335917D0809F}.Release|Any CPU.ActiveCfg = Release|Any CPU
		{A1B5DC98-9896-4556-BC2C-335917D0809F}.Release|x64.ActiveCfg = Release|Any CPU
		{A1B5DC98-9896-4556-BC2C-335917D0809F}.Release|x86.ActiveCfg = Release|Any CPU
		{0D2FAEB3-8275-4F15-B481-0DFD131C5DEE}.Debug|Any CPU.ActiveCfg = Debug|Win32
		{0D2FAEB3-8275-4F15-B481-0DFD131C5DEE}.Debug|x64.ActiveCfg = Debug|x64
		{0D2FAEB3-8275-4F15-B481-0DFD131C5DEE}.Debug|x64.Build.0 = Debug|x64
		{0D2FAEB3-8275-4F15-B481-0DFD131C5DEE}.Debug|x86.ActiveCfg = Debug|Win32
		{0D2FAEB3-8275-4F15-B481-0DFD131C5DEE}.Debug|x86.Build.0 = Debug|Win32
		{0D2FAEB3-8275-4F15-B481-0DFD131C5DEE}.Release|Any CPU.ActiveCfg = Release|Win32
		{0D2FAEB3-8275-4F15-B481-0DFD131C5DEE}.Release|x64.ActiveCfg = Release|x64
		{0D2FAEB3-8275-4F15-B481-0DFD131C5DEE}.Release|x64.Build.0 = Release|x64
		{0D2FAEB3-8275-4F15-B481-0DFD131C5DEE}.Release|x86.ActiveCfg = Release|Win32
		{0D2FAEB3-8275-4F15-B481-0DFD131C5DEE}.Release|x86.Build.0 = Release|Win32
		{FCDC8503-16D7-4E2A-8E37-6DC8F178B348}.Debug|Any CPU.ActiveCfg = Debug|Any CPU
		{FCDC8503-16D7-4E2A-8E37-6DC8F178B348}.Debug|x64.ActiveCfg = Debug|Any CPU
		{FCDC8503-16D7-4E2A-8E37-6DC8F178B348}.Debug|x86.ActiveCfg = Debug|Any CPU
		{FCDC8503-16D7-4E2A-8E37-6DC8F178B348}.Release|Any CPU.ActiveCfg = Release|Any CPU
		{FCDC8503-16D7-4E2A-8E37-6DC8F178B348}.Release|x64.ActiveCfg = Release|Any CPU
		{FCDC8503-16D7-4E2A-8E37-6DC8F178B348}.Release|x86.ActiveCfg = Release|Any CPU
		{F897A822-BCB6-406C-B510-9C3BEB8954D5}.Debug|Any CPU.ActiveCfg = Debug|x64
		{F897A822-BCB6-406C-B510-9C3BEB8954D5}.Debug|Any CPU.Build.0 = Debug|x64
		{F897A822-BCB6-406C-B510-9C3BEB8954D5}.Debug|x64.ActiveCfg = Debug|x64
		{F897A822-BCB6-406C-B510-9C3BEB8954D5}.Debug|x64.Build.0 = Debug|x64
		{F897A822-BCB6-406C-B510-9C3BEB8954D5}.Debug|x86.ActiveCfg = Debug|Win32
		{F897A822-BCB6-406C-B510-9C3BEB8954D5}.Debug|x86.Build.0 = Debug|Win32
		{F897A822-BCB6-406C-B510-9C3BEB8954D5}.Release|Any CPU.ActiveCfg = Release|x64
		{F897A822-BCB6-406C-B510-9C3BEB8954D5}.Release|Any CPU.Build.0 = Release|x64
		{F897A822-BCB6-406C-B510-9C3BEB8954D5}.Release|x64.ActiveCfg = Release|x64
		{F897A822-BCB6-406C-B510-9C3BEB8954D5}.Release|x64.Build.0 = Release|x64
		{F897A822-BCB6-406C-B510-9C3BEB8954D5}.Release|x86.ActiveCfg = Release|Win32
		{F897A822-BCB6-406C-B510-9C3BEB8954D5}.Release|x86.Build.0 = Release|Win32
		{137903F6-E9A0-48EA-B1EB-E0C181703391}.Debug|Any CPU.ActiveCfg = Debug|x64
		{137903F6-E9A0-48EA-B1EB-E0C181703391}.Debug|Any CPU.Build.0 = Debug|x64
		{137903F6-E9A0-48EA-B1EB-E0C181703391}.Debug|x64.ActiveCfg = Debug|x64
		{137903F6-E9A0-48EA-B1EB-E0C181703391}.Debug|x64.Build.0 = Debug|x64
		{137903F6-E9A0-48EA-B1EB-E0C181703391}.Debug|x86.ActiveCfg = Debug|Win32
		{137903F6-E9A0-48EA-B1EB-E0C181703391}.Debug|x86.Build.0 = Debug|Win32
		{137903F6-E9A0-48EA-B1EB-E0C181703391}.Release|Any CPU.ActiveCfg = Release|x64
		{137903F6-E9A0-48EA-B1EB-E0C181703391}.Release|Any CPU.Build.0 = Release|x64
		{137903F6-E9A0-48EA-B1EB-E0C181703391}.Release|x64.ActiveCfg = Release|x64
		{137903F6-E9A0-48EA-B1EB-E0C181703391}.Release|x64.Build.0 = Release|x64
		{137903F6-E9A0-48EA-B1EB-E0C181703391}.Release|x86.ActiveCfg = Release|Win32
		{137903F6-E9A0-48EA-B1EB-E0C181703391}.Release|x86.Build.0 = Release|Win32
		{2583B4A5-5016-4231-BFF5-A524AF573FD4}.Debug|Any CPU.ActiveCfg = Debug|x64
		{2583B4A5-5016-4231-BFF5-A524AF573FD4}.Debug|Any CPU.Build.0 = Debug|x64
		{2583B4A5-5016-4231-BFF5-A524AF573FD4}.Debug|x64.ActiveCfg = Debug|x64
		{2583B4A5-5016-4231-BFF5-A524AF573FD4}.Debug|x64.Build.0 = Debug|x64
		{2583B4A5-5016-4231-BFF5-A524AF573FD4}.Debug|x86.ActiveCfg = Debug|Win32
		{2583B4A5-5016-4231-BFF5-A524AF573FD4}.Debug|x86.Build.0 = Debug|Win32
		{2583B4A5-5016-4231-BFF5-A524AF573FD4}.Release|Any CPU.ActiveCfg = Release|x64
		{2583B4A5-5016-4231-BFF5-A524AF573FD4}.Release|Any CPU.Build.0 = Release|x64
		{2583B4A5-5016-4231-BFF5-A524AF573FD4}.Release|x64.ActiveCfg = Release|x64
		{2583B4A5-5016-4231-BFF5-A524AF573FD4}.Release|x64.Build.0 = Release|x64
		{2583B4A5-5016-4231-BFF5-A524AF573FD4}.Release|x86.ActiveCfg = Release|Win32
		{2583B4A5-5016-4231-BFF5-A524AF573FD4}.Release|x86.Build.0 = Release|Win32
	EndGlobalSection
	GlobalSection(SolutionProperties) = preSolution
		HideSolutionNode = FALSE
	EndGlobalSection
	GlobalSection(ExtensibilityGlobals) = postSolution
		SolutionGuid = {2BB9A414-23BB-4DED-94B9-BB91073E7492}
	EndGlobalSection
EndGlobal
